
Microsoft Visual Studio Solution File, Format Version 12.00
# Visual Studio 2013
VisualStudioVersion = 12.0.31101.0
MinimumVisualStudioVersion = 10.0.40219.1
Project("{FAE04EC0-301F-11D3-BF4B-00C04F79EFBC}") = "tronc.Timesheet.Web", "tronc.Timesheet.Web\tronc.Timesheet.Web.csproj", "{969C30E6-F50A-4F48-9D5C-972E7F24DD3E}"
EndProject
Project("{FAE04EC0-301F-11D3-BF4B-00C04F79EFBC}") = "tronc.Timesheet.Common", "tronc.Timesheet.Common\tronc.Timesheet.Common.csproj", "{1670DE71-A310-402D-96F8-BD4D08F436D4}"
EndProject
Project("{FAE04EC0-301F-11D3-BF4B-00C04F79EFBC}") = "tronc.Timesheet.BL", "tronc.Timesheet.BL\tronc.Timesheet.BL.csproj", "{A1A0BDE6-B1A8-4429-AF99-D842CF90EDD1}"
EndProject
Project("{FAE04EC0-301F-11D3-BF4B-00C04F79EFBC}") = "tronc.Timesheet.DAL", "tronc.Timesheet.DAL\tronc.Timesheet.DAL.csproj", "{94FD53D8-AFD1-4B63-A2F3-A54BF0BCD165}"
EndProject
Project("{FAE04EC0-301F-11D3-BF4B-00C04F79EFBC}") = "Log4NetLibrary", "Log4NetLibrary\Log4NetLibrary.csproj", "{F885C66F-7432-483B-BBE9-EFEAF8B68FAC}"
EndProject
Project("{FAE04EC0-301F-11D3-BF4B-00C04F79EFBC}") = "Feedback", "Feedback\Feedback.csproj", "{C0A8695E-7592-409C-95C4-706574C17C5D}"
EndProject
Global
	GlobalSection(SubversionScc) = preSolution
		Svn-Managed = True
		Manager = AnkhSVN - Subversion Support for Visual Studio
	EndGlobalSection
	GlobalSection(SolutionConfigurationPlatforms) = preSolution
		Debug|Any CPU = Debug|Any CPU
		Release|Any CPU = Release|Any CPU
	EndGlobalSection
	GlobalSection(ProjectConfigurationPlatforms) = postSolution
		{969C30E6-F50A-4F48-9D5C-972E7F24DD3E}.Debug|Any CPU.ActiveCfg = Debug|Any CPU
		{969C30E6-F50A-4F48-9D5C-972E7F24DD3E}.Debug|Any CPU.Build.0 = Debug|Any CPU
		{969C30E6-F50A-4F48-9D5C-972E7F24DD3E}.Release|Any CPU.ActiveCfg = Release|Any CPU
		{969C30E6-F50A-4F48-9D5C-972E7F24DD3E}.Release|Any CPU.Build.0 = Release|Any CPU
		{1670DE71-A310-402D-96F8-BD4D08F436D4}.Debug|Any CPU.ActiveCfg = Debug|Any CPU
		{1670DE71-A310-402D-96F8-BD4D08F436D4}.Debug|Any CPU.Build.0 = Debug|Any CPU
		{1670DE71-A310-402D-96F8-BD4D08F436D4}.Release|Any CPU.ActiveCfg = Release|Any CPU
		{1670DE71-A310-402D-96F8-BD4D08F436D4}.Release|Any CPU.Build.0 = Release|Any CPU
		{A1A0BDE6-B1A8-4429-AF99-D842CF90EDD1}.Debug|Any CPU.ActiveCfg = Debug|Any CPU
		{A1A0BDE6-B1A8-4429-AF99-D842CF90EDD1}.Debug|Any CPU.Build.0 = Debug|Any CPU
		{A1A0BDE6-B1A8-4429-AF99-D842CF90EDD1}.Release|Any CPU.ActiveCfg = Release|Any CPU
		{A1A0BDE6-B1A8-4429-AF99-D842CF90EDD1}.Release|Any CPU.Build.0 = Release|Any CPU
		{94FD53D8-AFD1-4B63-A2F3-A54BF0BCD165}.Debug|Any CPU.ActiveCfg = Debug|Any CPU
		{94FD53D8-AFD1-4B63-A2F3-A54BF0BCD165}.Debug|Any CPU.Build.0 = Debug|Any CPU
		{94FD53D8-AFD1-4B63-A2F3-A54BF0BCD165}.Release|Any CPU.ActiveCfg = Release|Any CPU
		{94FD53D8-AFD1-4B63-A2F3-A54BF0BCD165}.Release|Any CPU.Build.0 = Release|Any CPU
		{F885C66F-7432-483B-BBE9-EFEAF8B68FAC}.Debug|Any CPU.ActiveCfg = Debug|Any CPU
		{F885C66F-7432-483B-BBE9-EFEAF8B68FAC}.Debug|Any CPU.Build.0 = Debug|Any CPU
		{F885C66F-7432-483B-BBE9-EFEAF8B68FAC}.Release|Any CPU.ActiveCfg = Release|Any CPU
		{F885C66F-7432-483B-BBE9-EFEAF8B68FAC}.Release|Any CPU.Build.0 = Release|Any CPU
		{C0A8695E-7592-409C-95C4-706574C17C5D}.Debug|Any CPU.ActiveCfg = Debug|Any CPU
		{C0A8695E-7592-409C-95C4-706574C17C5D}.Debug|Any CPU.Build.0 = Debug|Any CPU
		{C0A8695E-7592-409C-95C4-706574C17C5D}.Release|Any CPU.ActiveCfg = Release|Any CPU
		{C0A8695E-7592-409C-95C4-706574C17C5D}.Release|Any CPU.Build.0 = Release|Any CPU
	EndGlobalSection
	GlobalSection(SolutionProperties) = preSolution
		HideSolutionNode = FALSE
	EndGlobalSection
EndGlobal
